
Microsoft Visual Studio Solution File, Format Version 12.00
# Visual Studio Version 17
VisualStudioVersion = 17.6.33723.286
MinimumVisualStudioVersion = 10.0.40219.1
Project("{FAE04EC0-301F-11D3-BF4B-00C04F79EFBC}") = "OOP_MCC", "OOP_MCC\OOP_MCC.csproj", "{C0C66866-1F1A-438B-8D44-39CF5D37AC1E}"
EndProject
Global
	GlobalSection(SolutionConfigurationPlatforms) = preSolution
		Debug|Any CPU = Debug|Any CPU
		Release|Any CPU = Release|Any CPU
	EndGlobalSection
	GlobalSection(ProjectConfigurationPlatforms) = postSolution
		{C0C66866-1F1A-438B-8D44-39CF5D37AC1E}.Debug|Any CPU.ActiveCfg = Debug|Any CPU
		{C0C66866-1F1A-438B-8D44-39CF5D37AC1E}.Debug|Any CPU.Build.0 = Debug|Any CPU
		{C0C66866-1F1A-438B-8D44-39CF5D37AC1E}.Release|Any CPU.ActiveCfg = Release|Any CPU
		{C0C66866-1F1A-438B-8D44-39CF5D37AC1E}.Release|Any CPU.Build.0 = Release|Any CPU
	EndGlobalSection
	GlobalSection(SolutionProperties) = preSolution
		HideSolutionNode = FALSE
	EndGlobalSection
	GlobalSection(ExtensibilityGlobals) = postSolution
		SolutionGuid = {E99943BF-E4AC-4236-8050-3D11DD73E8D3}
	EndGlobalSection
EndGlobal
